
Microsoft Visual Studio Solution File, Format Version 12.00
# Visual Studio Version 17
VisualStudioVersion = 17.13.35825.156
MinimumVisualStudioVersion = 10.0.40219.1
Project("{FAE04EC0-301F-11D3-BF4B-00C04F79EFBC}") = "Castro_Hung-FinalProject", "Castro_Hung_FinalProject\Castro_Hung-FinalProject.csproj", "{325F5355-FD3B-4AB6-BE45-FF3CB524AF7E}"
EndProject
Global
	GlobalSection(SolutionConfigurationPlatforms) = preSolution
		Debug|Any CPU = Debug|Any CPU
		Release|Any CPU = Release|Any CPU
	EndGlobalSection
	GlobalSection(ProjectConfigurationPlatforms) = postSolution
		{325F5355-FD3B-4AB6-BE45-FF3CB524AF7E}.Debug|Any CPU.ActiveCfg = Debug|Any CPU
		{325F5355-FD3B-4AB6-BE45-FF3CB524AF7E}.Debug|Any CPU.Build.0 = Debug|Any CPU
		{325F5355-FD3B-4AB6-BE45-FF3CB524AF7E}.Release|Any CPU.ActiveCfg = Release|Any CPU
		{325F5355-FD3B-4AB6-BE45-FF3CB524AF7E}.Release|Any CPU.Build.0 = Release|Any CPU
	EndGlobalSection
	GlobalSection(SolutionProperties) = preSolution
		HideSolutionNode = FALSE
	EndGlobalSection
	GlobalSection(ExtensibilityGlobals) = postSolution
		SolutionGuid = {52F5FCCF-7401-4E92-8E4F-A38A89E62812}
	EndGlobalSection
EndGlobal
