
Microsoft Visual Studio Solution File, Format Version 12.00
# Visual Studio Version 17
VisualStudioVersion = 17.13.35825.156 d17.13
MinimumVisualStudioVersion = 10.0.40219.1
Project("{FAE04EC0-301F-11D3-BF4B-00C04F79EFBC}") = "Hung-Exercise4", "Hung-Exercise4\Hung-Exercise4.csproj", "{96287733-FE77-424B-A639-5E2B790DF348}"
EndProject
Global
	GlobalSection(SolutionConfigurationPlatforms) = preSolution
		Debug|Any CPU = Debug|Any CPU
		Release|Any CPU = Release|Any CPU
	EndGlobalSection
	GlobalSection(ProjectConfigurationPlatforms) = postSolution
		{96287733-FE77-424B-A639-5E2B790DF348}.Debug|Any CPU.ActiveCfg = Debug|Any CPU
		{96287733-FE77-424B-A639-5E2B790DF348}.Debug|Any CPU.Build.0 = Debug|Any CPU
		{96287733-FE77-424B-A639-5E2B790DF348}.Release|Any CPU.ActiveCfg = Release|Any CPU
		{96287733-FE77-424B-A639-5E2B790DF348}.Release|Any CPU.Build.0 = Release|Any CPU
	EndGlobalSection
	GlobalSection(SolutionProperties) = preSolution
		HideSolutionNode = FALSE
	EndGlobalSection
	GlobalSection(ExtensibilityGlobals) = postSolution
		SolutionGuid = {52F5FCCF-7401-4E92-8E4F-A38A89E62812}
	EndGlobalSection
EndGlobal
